
Microsoft Visual Studio Solution File, Format Version 12.00
# Visual Studio 15
VisualStudioVersion = 15.0.27428.2005
MinimumVisualStudioVersion = 10.0.40219.1
Project("{FAE04EC0-301F-11D3-BF4B-00C04F79EFBC}") = "RecentlyVisitedSites", "RecentlyVisitedSites\RecentlyVisitedSites.csproj", "{7F286F86-5D7E-44BB-BF7D-4C906721EBBC}"
EndProject
Global
	GlobalSection(SolutionConfigurationPlatforms) = preSolution
		Debug|Any CPU = Debug|Any CPU
		Release|Any CPU = Release|Any CPU
	EndGlobalSection
	GlobalSection(ProjectConfigurationPlatforms) = postSolution
		{7F286F86-5D7E-44BB-BF7D-4C906721EBBC}.Debug|Any CPU.ActiveCfg = Debug|Any CPU
		{7F286F86-5D7E-44BB-BF7D-4C906721EBBC}.Debug|Any CPU.Build.0 = Debug|Any CPU
		{7F286F86-5D7E-44BB-BF7D-4C906721EBBC}.Release|Any CPU.ActiveCfg = Release|Any CPU
		{7F286F86-5D7E-44BB-BF7D-4C906721EBBC}.Release|Any CPU.Build.0 = Release|Any CPU
	EndGlobalSection
	GlobalSection(SolutionProperties) = preSolution
		HideSolutionNode = FALSE
	EndGlobalSection
	GlobalSection(ExtensibilityGlobals) = postSolution
		SolutionGuid = {E75A5843-EFAB-43F9-8BF7-0337DC7FF43B}
	EndGlobalSection
EndGlobal
